
Microsoft Visual Studio Solution File, Format Version 12.00
# Visual Studio Version 17
VisualStudioVersion = 17.5.33516.290
MinimumVisualStudioVersion = 10.0.40219.1
Project("{9A19103F-16F7-4668-BE54-9A1E7A4F7556}") = "WinForms", "WinForms\WinForms.csproj", "{8AE1CC74-9101-401C-AC1C-46904C9C3ECD}"
EndProject
Project("{9A19103F-16F7-4668-BE54-9A1E7A4F7556}") = "DynamicCalculator", "DeathDynamicCalculator\DynamicCalculator.csproj", "{67163B2B-E66D-4B58-83E7-8EB8C290EA99}"
EndProject
Project("{9A19103F-16F7-4668-BE54-9A1E7A4F7556}") = "Tests", "Tests\Tests.csproj", "{285D21D5-2A15-4530-BFF1-FE5E162DC53F}"
EndProject
Global
	GlobalSection(SolutionConfigurationPlatforms) = preSolution
		Debug|Any CPU = Debug|Any CPU
		Release|Any CPU = Release|Any CPU
	EndGlobalSection
	GlobalSection(ProjectConfigurationPlatforms) = postSolution
		{8AE1CC74-9101-401C-AC1C-46904C9C3ECD}.Debug|Any CPU.ActiveCfg = Debug|Any CPU
		{8AE1CC74-9101-401C-AC1C-46904C9C3ECD}.Debug|Any CPU.Build.0 = Debug|Any CPU
		{8AE1CC74-9101-401C-AC1C-46904C9C3ECD}.Release|Any CPU.ActiveCfg = Release|Any CPU
		{8AE1CC74-9101-401C-AC1C-46904C9C3ECD}.Release|Any CPU.Build.0 = Release|Any CPU
		{67163B2B-E66D-4B58-83E7-8EB8C290EA99}.Debug|Any CPU.ActiveCfg = Debug|Any CPU
		{67163B2B-E66D-4B58-83E7-8EB8C290EA99}.Debug|Any CPU.Build.0 = Debug|Any CPU
		{67163B2B-E66D-4B58-83E7-8EB8C290EA99}.Release|Any CPU.ActiveCfg = Release|Any CPU
		{67163B2B-E66D-4B58-83E7-8EB8C290EA99}.Release|Any CPU.Build.0 = Release|Any CPU
		{285D21D5-2A15-4530-BFF1-FE5E162DC53F}.Debug|Any CPU.ActiveCfg = Debug|Any CPU
		{285D21D5-2A15-4530-BFF1-FE5E162DC53F}.Debug|Any CPU.Build.0 = Debug|Any CPU
		{285D21D5-2A15-4530-BFF1-FE5E162DC53F}.Release|Any CPU.ActiveCfg = Release|Any CPU
		{285D21D5-2A15-4530-BFF1-FE5E162DC53F}.Release|Any CPU.Build.0 = Release|Any CPU
	EndGlobalSection
	GlobalSection(SolutionProperties) = preSolution
		HideSolutionNode = FALSE
	EndGlobalSection
	GlobalSection(ExtensibilityGlobals) = postSolution
		SolutionGuid = {239B7EB7-4460-4FAE-8136-CC09C90E7EF7}
	EndGlobalSection
EndGlobal
